github.com/corona10/goimagehash v1.0.1 h1:mjQIyk3ptnXE/YpLc7NSDVJfnZO9b9T94x9EkFFX2g0=
github.com/corona10/goimagehash v1.0.1/go.mod h1:BQtzmQ2tNr04YeCPYBOiIWe/69WJF5IRGPLmzxvcAKg=
github.com/garyhouston/jpegsegs v0.0.0-20180213052308-28a0d882be39 h1:/Twwlf95eHom62wV7e4G6D9lLf8bsWkPzu9rROMC/u8=
github.com/garyhouston/jpegsegs v0.0.0-20180213052308-28a0d882be39/go.mod h1:RJyPF0Qtlyj8rd/QHWtVPLqld4iE3cePkA/EpfHDQCc=
github.com/garyhouston/tiff66 v0.0.0-20180329044521-39dd1f695336 h1:V2blIpMvZk7QuEfiJX0ESYMhxtpGW1AFjoQrMMWoW7Q=
github.com/garyhouston/tiff66 v0.0.0-20180329044521-39dd1f695336/go.mod h1:uiuZ/xXZN2Q5265z70NcCoDihfBT8/tRLrmiIrfR0h0=
github.com/glaslos/ssdeep v0.0.0-20180702091421-c17959d65837 h1:xNeVxX318N5NPPHbOH1FtQgNk9g86pZTSbzQvhH1DD4=
github.com/glaslos/ssdeep v0.0.0-20180702091421-c17959d65837/go.mod h1:1sRvX09u8TSLZ0teoG1gZh7qADBv4ZzLAkvGcmYb9uw=
github.com/google/go-cmp v0.2.0 h1:+dTQ8DZQJz0Mb/HjFlkptS1FeQ4cWSnN941F8aEG4SQ=
github.com/google/go-cmp v0.2.0/go.mod h1:oXzfMopK8JAjlY9xF4vHSVASa0yLyX7SntLO5aqRK0M=
github.com/gorilla/websocket v1.4.0 h1:WDFjx/TMzVgy9VdMMQi2K2Emtwi2QcUQsztZ/zLaH/Q=
github.com/gorilla/websocket v1.4.0/go.mod h1:E7qHFY5m1UJ88s3WnNqhKjPHQ0heANvMoAMk2YaljkQ=
github.com/hashicorp/errwrap v1.0.0 h1:hLrqtEDnRye3+sgx6z4qVLNuviH3MR5aQ0ykNJa/UYA=
github.com/hashicorp/errwrap v1.0.0/go.mod h1:YH+1FKiLXxHSkmPseP+kNlulaMuP3n2brvKWEqk/Jc4=
github.com/hashicorp/go-multierror v1.0.0 h1:iVjPR7a6H0tWELX5NxNe7bYopibicUzc7uPribsnS6o=
github.com/hashicorp/go-multierror v1.0.0/go.mod h1:dHtQlpGsu+cZNNAkkCN/P3hoUDHhCYQXV3UM06sGGrk=
github.com/mafredri/cdp v0.23.0 h1:Qrzms9wVwOpJdbF3ooxZcBTnEqjiqHQkT8kCyTtjoPg=
github.com/mafredri/cdp v0.23.0/go.mod h1:hgdiA0yp1uqhSaDOHJWPgXpMbh+LAfUdD9vbN2AM8gE=
github.com/mafredri/cdp v0.23.1 h1:aqW20I/3CzR8/8VEj+d4zV97l3GU7VdCgi8OTGeJKkA=
github.com/mafredri/cdp v0.23.1/go.mod h1:hgdiA0yp1uqhSaDOHJWPgXpMbh+LAfUdD9vbN2AM8gE=
github.com/nfnt/resize v0.0.0-20180221191011-83c6a9932646 h1:zYyBkD/k9seD2A7fsi6Oo2LfFZAehjjQMERAvZLEDnQ=
github.com/nfnt/resize v0.0.0-20180221191011-83c6a9932646/go.mod h1:jpp1/29i3P1S/RLdc7JQKbRpFeM1dOBd8T9ki5s+AY8=
github.com/s3rj1k/go-screenshots v1.0.2 h1:67s3rsPUjf1pQXzZsAmC377QkHZEtLJfDGwbuk49cp4=
github.com/s3rj1k/go-screenshots v1.0.2/go.mod h1:LugdDp8ilDZiTxTAv5iheYa46qVHgIrub4c4H7JQOH0=
github.com/tdewolff/minify v2.3.6+incompatible h1:2hw5/9ZvxhWLvBUnHE06gElGYz+Jv9R4Eys0XUzItYo=
github.com/tdewolff/minify v2.3.6+incompatible/go.mod h1:9Ov578KJUmAWpS6NeZwRZyT56Uf6o3Mcz9CEsg8USYs=
github.com/tdewolff/parse v2.3.4+incompatible h1:x05/cnGwIMf4ceLuDMBOdQ1qGniMoxpP46ghf0Qzh38=
github.com/tdewolff/parse v2.3.4+incompatible/go.mod h1:8oBwCsVmUkgHO8M5iCzSIDtpzXOT0WXX9cWhz+bIzJQ=
github.com/tdewolff/test v1.0.0 h1:jOwzqCXr5ePXEPGJaq2ivoR6HOCi+D5TPfpoyg8yvmU=
github.com/tdewolff/test v1.0.0/go.mod h1:DiQUlutnqlEvdvhSn2LPGy4TFwRauAaYDsL+683RNX4=
golang.org/x/crypto v0.0.0-20190308221718-c2843e01d9a2/go.mod h1:djNgcEr1/C05ACkg1iLfiJU5Ep61QUkGW8qpdssI0+w=
golang.org/x/net v0.0.0-20190415100556-4a65cf94b679 h1:tzVWzOrXxwAwdSCMrf+mbNrZFxwS0+HLP4m2qxtfdhk=
golang.org/x/net v0.0.0-20190415100556-4a65cf94b679/go.mod h1:t9HGtf8HONx5eT2rtn7q6eTqICYqUVnKs3thJo3Qplg=
golang.org/x/sync v0.0.0-20190227155943-e225da77a7e6/go.mod h1:RxMgew5VJxzue5/jJTE5uejpjVlOe/izrB70Jof72aM=
golang.org/x/sync v0.0.0-20190412183630-56d357773e84 h1:IqXQ59gzdXv58Jmm2xn0tSOR9i6HqroaOFRQ3wR/dJQ=
golang.org/x/sync v0.0.0-20190412183630-56d357773e84/go.mod h1:RxMgew5VJxzue5/jJTE5uejpjVlOe/izrB70Jof72aM=
golang.org/x/sys v0.0.0-20190215142949-d0b11bdaac8a/go.mod h1:STP8DvDyc/dI5b8T5hshtkjS+E42TnysNCUPdjciGhY=
golang.org/x/text v0.3.0/go.mod h1:NqM8EUOU14njkJ3fqMW+pc6Ldnwhi/IjpwHt7yyuwOQ=
